
Microsoft Visual Studio Solution File, Format Version 12.00
# Visual Studio Version 16
VisualStudioVersion = 16.0.30204.135
MinimumVisualStudioVersion = 10.0.40219.1
Project("{9A19103F-16F7-4668-BE54-9A1E7A4F7556}") = "ApiCatalogo", "ApiCatalogo\ApiCatalogo.csproj", "{E6D608BB-3E88-44CE-9280-24D444C2924A}"
EndProject
Global
	GlobalSection(SolutionConfigurationPlatforms) = preSolution
		Debug|Any CPU = Debug|Any CPU
		Release|Any CPU = Release|Any CPU
	EndGlobalSection
	GlobalSection(ProjectConfigurationPlatforms) = postSolution
		{E6D608BB-3E88-44CE-9280-24D444C2924A}.Debug|Any CPU.ActiveCfg = Debug|Any CPU
		{E6D608BB-3E88-44CE-9280-24D444C2924A}.Debug|Any CPU.Build.0 = Debug|Any CPU
		{E6D608BB-3E88-44CE-9280-24D444C2924A}.Release|Any CPU.ActiveCfg = Release|Any CPU
		{E6D608BB-3E88-44CE-9280-24D444C2924A}.Release|Any CPU.Build.0 = Release|Any CPU
	EndGlobalSection
	GlobalSection(SolutionProperties) = preSolution
		HideSolutionNode = FALSE
	EndGlobalSection
	GlobalSection(ExtensibilityGlobals) = postSolution
		SolutionGuid = {542D7A6C-7654-4195-BB5F-A0FD11955239}
	EndGlobalSection
EndGlobal
